
Microsoft Visual Studio Solution File, Format Version 12.00
# Visual Studio 15
VisualStudioVersion = 15.0.27130.2036
MinimumVisualStudioVersion = 10.0.40219.1
Project("{FAE04EC0-301F-11D3-BF4B-00C04F79EFBC}") = "Unity_UtilityExtensions", "Unity_UtilityExtensions\Unity_UtilityExtensions.csproj", "{C99C1BDA-23E4-40AA-82AF-34980941F215}"
EndProject
Global
	GlobalSection(SolutionConfigurationPlatforms) = preSolution
		Debug|Any CPU = Debug|Any CPU
		Release|Any CPU = Release|Any CPU
	EndGlobalSection
	GlobalSection(ProjectConfigurationPlatforms) = postSolution
		{C99C1BDA-23E4-40AA-82AF-34980941F215}.Debug|Any CPU.ActiveCfg = Debug|Any CPU
		{C99C1BDA-23E4-40AA-82AF-34980941F215}.Debug|Any CPU.Build.0 = Debug|Any CPU
		{C99C1BDA-23E4-40AA-82AF-34980941F215}.Release|Any CPU.ActiveCfg = Release|Any CPU
		{C99C1BDA-23E4-40AA-82AF-34980941F215}.Release|Any CPU.Build.0 = Release|Any CPU
	EndGlobalSection
	GlobalSection(SolutionProperties) = preSolution
		HideSolutionNode = FALSE
	EndGlobalSection
	GlobalSection(ExtensibilityGlobals) = postSolution
		SolutionGuid = {AC9C6BD9-753E-4FDC-9389-F0F96D2568AF}
	EndGlobalSection
EndGlobal
